// !$*UTF8*$!
{
	archiveVersion = 1;
	classes = {
	};
	objectVersion = 50;
	objects = {

/* Begin PBXBuildFile section */
		25DFB9E5E8A88B7D2180C63C /* Pods_Firebase_Demo.framework in Frameworks */ = {isa = PBXBuildFile; fileRef = 93F56DE1186CF44795336313 /* Pods_Firebase_Demo.framework */; };
		920718E623B0A32C00DF0D92 /* Utilities.swift in Sources */ = {isa = PBXBuildFile; fileRef = 920718E523B0A32C00DF0D92 /* Utilities.swift */; };
		920718E823B0A33100DF0D92 /* Constants.swift in Sources */ = {isa = PBXBuildFile; fileRef = 920718E723B0A33100DF0D92 /* Constants.swift */; };
		920718EA23B0B15200DF0D92 /* GoogleService-Info.plist in Resources */ = {isa = PBXBuildFile; fileRef = 920718E923B0B15200DF0D92 /* GoogleService-Info.plist */; };
		9289CE4423B091B9009A2D3E /* AppDelegate.swift in Sources */ = {isa = PBXBuildFile; fileRef = 9289CE4323B091B9009A2D3E /* AppDelegate.swift */; };
		9289CE4623B091B9009A2D3E /* SceneDelegate.swift in Sources */ = {isa = PBXBuildFile; fileRef = 9289CE4523B091B9009A2D3E /* SceneDelegate.swift */; };
		9289CE4823B091B9009A2D3E /* ViewController.swift in Sources */ = {isa = PBXBuildFile; fileRef = 9289CE4723B091B9009A2D3E /* ViewController.swift */; };
		9289CE4B23B091BA009A2D3E /* Main.storyboard in Resources */ = {isa = PBXBuildFile; fileRef = 9289CE4923B091BA009A2D3E /* Main.storyboard */; };
		9289CE4D23B091C7009A2D3E /* Assets.xcassets in Resources */ = {isa = PBXBuildFile; fileRef = 9289CE4C23B091C7009A2D3E /* Assets.xcassets */; };
		9289CE5023B091C7009A2D3E /* LaunchScreen.storyboard in Resources */ = {isa = PBXBuildFile; fileRef = 9289CE4E23B091C7009A2D3E /* LaunchScreen.storyboard */; };
		9289CE5823B09366009A2D3E /* SignUpViewController.swift in Sources */ = {isa = PBXBuildFile; fileRef = 9289CE5723B09366009A2D3E /* SignUpViewController.swift */; };
		9289CE5A23B09399009A2D3E /* LogInViewController.swift in Sources */ = {isa = PBXBuildFile; fileRef = 9289CE5923B09399009A2D3E /* LogInViewController.swift */; };
		9289CE5C23B093D1009A2D3E /* HomeViewController.swift in Sources */ = {isa = PBXBuildFile; fileRef = 9289CE5B23B093D1009A2D3E /* HomeViewController.swift */; };
/* End PBXBuildFile section */

/* Begin PBXFileReference section */
		1E5B6298FC1CD47F94F01D18 /* Pods-Firebase Demo.release.xcconfig */ = {isa = PBXFileReference; includeInIndex = 1; lastKnownFileType = text.xcconfig; name = "Pods-Firebase Demo.release.xcconfig"; path = "Pods/Target Support Files/Pods-Firebase Demo/Pods-Firebase Demo.release.xcconfig"; sourceTree = "<group>"; };
		920718E523B0A32C00DF0D92 /* Utilities.swift */ = {isa = PBXFileReference; fileEncoding = 4; lastKnownFileType = sourcecode.swift; path = Utilities.swift; sourceTree = "<group>"; };
		920718E723B0A33100DF0D92 /* Constants.swift */ = {isa = PBXFileReference; fileEncoding = 4; lastKnownFileType = sourcecode.swift; path = Constants.swift; sourceTree = "<group>"; };
		920718E923B0B15200DF0D92 /* GoogleService-Info.plist */ = {isa = PBXFileReference; fileEncoding = 4; lastKnownFileType = text.plist.xml; path = "GoogleService-Info.plist"; sourceTree = "<group>"; };
		9289CE4023B091B9009A2D3E /* Firebase Demo.app */ = {isa = PBXFileReference; explicitFileType = wrapper.application; includeInIndex = 0; path = "Firebase Demo.app"; sourceTree = BUILT_PRODUCTS_DIR; };
		9289CE4323B091B9009A2D3E /* AppDelegate.swift */ = {isa = PBXFileReference; lastKnownFileType = sourcecode.swift; path = AppDelegate.swift; sourceTree = "<group>"; };
		9289CE4523B091B9009A2D3E /* SceneDelegate.swift */ = {isa = PBXFileReference; lastKnownFileType = sourcecode.swift; path = SceneDelegate.swift; sourceTree = "<group>"; };
		9289CE4723B091B9009A2D3E /* ViewController.swift */ = {isa = PBXFileReference; lastKnownFileType = sourcecode.swift; path = ViewController.swift; sourceTree = "<group>"; };
		9289CE4A23B091BA009A2D3E /* Base */ = {isa = PBXFileReference; lastKnownFileType = file.storyboard; name = Base; path = Base.lproj/Main.storyboard; sourceTree = "<group>"; };
		9289CE4C23B091C7009A2D3E /* Assets.xcassets */ = {isa = PBXFileReference; lastKnownFileType = folder.assetcatalog; path = Assets.xcassets; sourceTree = "<group>"; };
		9289CE4F23B091C7009A2D3E /* Base */ = {isa = PBXFileReference; lastKnownFileType = file.storyboard; name = Base; path = Base.lproj/LaunchScreen.storyboard; sourceTree = "<group>"; };
		9289CE5123B091C7009A2D3E /* Info.plist */ = {isa = PBXFileReference; lastKnownFileType = text.plist.xml; path = Info.plist; sourceTree = "<group>"; };
		9289CE5723B09366009A2D3E /* SignUpViewController.swift */ = {isa = PBXFileReference; lastKnownFileType = sourcecode.swift; path = SignUpViewController.swift; sourceTree = "<group>"; };
		9289CE5923B09399009A2D3E /* LogInViewController.swift */ = {isa = PBXFileReference; lastKnownFileType = sourcecode.swift; path = LogInViewController.swift; sourceTree = "<group>"; };
		9289CE5B23B093D1009A2D3E /* HomeViewController.swift */ = {isa = PBXFileReference; lastKnownFileType = sourcecode.swift; path = HomeViewController.swift; sourceTree = "<group>"; };
		93F56DE1186CF44795336313 /* Pods_Firebase_Demo.framework */ = {isa = PBXFileReference; explicitFileType = wrapper.framework; includeInIndex = 0; path = Pods_Firebase_Demo.framework; sourceTree = BUILT_PRODUCTS_DIR; };
		A9B168B886C47BAC97FD3A2E /* Pods-Firebase Demo.debug.xcconfig */ = {isa = PBXFileReference; includeInIndex = 1; lastKnownFileType = text.xcconfig; name = "Pods-Firebase Demo.debug.xcconfig"; path = "Pods/Target Support Files/Pods-Firebase Demo/Pods-Firebase Demo.debug.xcconfig"; sourceTree = "<group>"; };
/* End PBXFileReference section */

/* Begin PBXFrameworksBuildPhase section */
		9289CE3D23B091B9009A2D3E /* Frameworks */ = {
			isa = PBXFrameworksBuildPhase;
			buildActionMask = 2147483647;
			files = (
				25DFB9E5E8A88B7D2180C63C /* Pods_Firebase_Demo.framework in Frameworks */,
			);
			runOnlyForDeploymentPostprocessing = 0;
		};
/* End PBXFrameworksBuildPhase section */

/* Begin PBXGroup section */
		67B6C9B6F6C6EB0EE3098EAA /* Pods */ = {
			isa = PBXGroup;
			children = (
				A9B168B886C47BAC97FD3A2E /* Pods-Firebase Demo.debug.xcconfig */,
				1E5B6298FC1CD47F94F01D18 /* Pods-Firebase Demo.release.xcconfig */,
			);
			name = Pods;
			sourceTree = "<group>";
		};
		920718E423B0A30700DF0D92 /* Helpers */ = {
			isa = PBXGroup;
			children = (
				920718E523B0A32C00DF0D92 /* Utilities.swift */,
				920718E723B0A33100DF0D92 /* Constants.swift */,
			);
			path = Helpers;
			sourceTree = "<group>";
		};
		9289CE3723B091B9009A2D3E = {
			isa = PBXGroup;
			children = (
				9289CE4223B091B9009A2D3E /* Firebase Demo */,
				9289CE4123B091B9009A2D3E /* Products */,
				67B6C9B6F6C6EB0EE3098EAA /* Pods */,
				AE06FF6AA9D8A7976ADBAB3F /* Frameworks */,
			);
			sourceTree = "<group>";
		};
		9289CE4123B091B9009A2D3E /* Products */ = {
			isa = PBXGroup;
			children = (
				9289CE4023B091B9009A2D3E /* Firebase Demo.app */,
			);
			name = Products;
			sourceTree = "<group>";
		};
		9289CE4223B091B9009A2D3E /* Firebase Demo */ = {
			isa = PBXGroup;
			children = (
				920718E423B0A30700DF0D92 /* Helpers */,
				9289CE5D23B093F0009A2D3E /* ViewController */,
				9289CE4323B091B9009A2D3E /* AppDelegate.swift */,
				9289CE4523B091B9009A2D3E /* SceneDelegate.swift */,
				9289CE4923B091BA009A2D3E /* Main.storyboard */,
				9289CE4C23B091C7009A2D3E /* Assets.xcassets */,
				9289CE4E23B091C7009A2D3E /* LaunchScreen.storyboard */,
				920718E923B0B15200DF0D92 /* GoogleService-Info.plist */,
				9289CE5123B091C7009A2D3E /* Info.plist */,
			);
			path = "Firebase Demo";
			sourceTree = "<group>";
		};
		9289CE5D23B093F0009A2D3E /* ViewController */ = {
			isa = PBXGroup;
			children = (
				9289CE4723B091B9009A2D3E /* ViewController.swift */,
				9289CE5723B09366009A2D3E /* SignUpViewController.swift */,
				9289CE5923B09399009A2D3E /* LogInViewController.swift */,
				9289CE5B23B093D1009A2D3E /* HomeViewController.swift */,
			);
			path = ViewController;
			sourceTree = "<group>";
		};
		AE06FF6AA9D8A7976ADBAB3F /* Frameworks */ = {
			isa = PBXGroup;
			children = (
				93F56DE1186CF44795336313 /* Pods_Firebase_Demo.framework */,
			);
			name = Frameworks;
			sourceTree = "<group>";
		};
/* End PBXGroup section */

/* Begin PBXNativeTarget section */
		9289CE3F23B091B9009A2D3E /* Firebase Demo */ = {
			isa = PBXNativeTarget;
			buildConfigurationList = 9289CE5423B091C7009A2D3E /* Build configuration list for PBXNativeTarget "Firebase Demo" */;
			buildPhases = (
				90A37930C4F9FBEDEFA33D24 /* [CP] Check Pods Manifest.lock */,
				9289CE3C23B091B9009A2D3E /* Sources */,
				9289CE3D23B091B9009A2D3E /* Frameworks */,
				9289CE3E23B091B9009A2D3E /* Resources */,
				54345FCA9E213D740061FC2A /* [CP] Embed Pods Frameworks */,
			);
			buildRules = (
			);
			dependencies = (
			);
			name = "Firebase Demo";
			productName = "Firebase Demo";
			productReference = 9289CE4023B091B9009A2D3E /* Firebase Demo.app */;
			productType = "com.apple.product-type.application";
		};
/* End PBXNativeTarget section */

/* Begin PBXProject section */
		9289CE3823B091B9009A2D3E /* Project object */ = {
			isa = PBXProject;
			attributes = {
				LastSwiftUpdateCheck = 1120;
				LastUpgradeCheck = 1120;
				ORGANIZATIONNAME = "Kim Yeon Jeong";
				TargetAttributes = {
					9289CE3F23B091B9009A2D3E = {
						CreatedOnToolsVersion = 11.2.1;
					};
				};
			};
			buildConfigurationList = 9289CE3B23B091B9009A2D3E /* Build configuration list for PBXProject "Firebase Demo" */;
			compatibilityVersion = "Xcode 9.3";
			developmentRegion = en;
			hasScannedForEncodings = 0;
			knownRegions = (
				en,
				Base,
			);
			mainGroup = 9289CE3723B091B9009A2D3E;
			productRefGroup = 9289CE4123B091B9009A2D3E /* Products */;
			projectDirPath = "";
			projectRoot = "";
			targets = (
				9289CE3F23B091B9009A2D3E /* Firebase Demo */,
			);
		};
/* End PBXProject section */

/* Begin PBXResourcesBuildPhase section */
		9289CE3E23B091B9009A2D3E /* Resources */ = {
			isa = PBXResourcesBuildPhase;
			buildActionMask = 2147483647;
			files = (
				9289CE5023B091C7009A2D3E /* LaunchScreen.storyboard in Resources */,
				920718EA23B0B15200DF0D92 /* GoogleService-Info.plist in Resources */,
				9289CE4D23B091C7009A2D3E /* Assets.xcassets in Resources */,
				9289CE4B23B091BA009A2D3E /* Main.storyboard in Resources */,
			);
			runOnlyForDeploymentPostprocessing = 0;
		};
/* End PBXResourcesBuildPhase section */

/* Begin PBXShellScriptBuildPhase section */
		54345FCA9E213D740061FC2A /* [CP] Embed Pods Frameworks */ = {
			isa = PBXShellScriptBuildPhase;
			buildActionMask = 2147483647;
			files = (
			);
			inputPaths = (
				"${SRCROOT}/Pods/Target Support Files/Pods-Firebase Demo/Pods-Firebase Demo-frameworks.sh",
				"${BUILT_PRODUCTS_DIR}/GTMSessionFetcher/GTMSessionFetcher.framework",
				"${BUILT_PRODUCTS_DIR}/GoogleToolboxForMac/GoogleToolboxForMac.framework",
				"${BUILT_PRODUCTS_DIR}/nanopb/nanopb.framework",
			);
			name = "[CP] Embed Pods Frameworks";
			outputPaths = (
				"${TARGET_BUILD_DIR}/${FRAMEWORKS_FOLDER_PATH}/GTMSessionFetcher.framework",
				"${TARGET_BUILD_DIR}/${FRAMEWORKS_FOLDER_PATH}/GoogleToolboxForMac.framework",
				"${TARGET_BUILD_DIR}/${FRAMEWORKS_FOLDER_PATH}/nanopb.framework",
			);
			runOnlyForDeploymentPostprocessing = 0;
			shellPath = /bin/sh;
			shellScript = "\"${SRCROOT}/Pods/Target Support Files/Pods-Firebase Demo/Pods-Firebase Demo-frameworks.sh\"\n";
			showEnvVarsInLog = 0;
		};
		90A37930C4F9FBEDEFA33D24 /* [CP] Check Pods Manifest.lock */ = {
			isa = PBXShellScriptBuildPhase;
			buildActionMask = 2147483647;
			files = (
			);
			inputPaths = (
				"${PODS_PODFILE_DIR_PATH}/Podfile.lock",
				"${PODS_ROOT}/Manifest.lock",
			);
			name = "[CP] Check Pods Manifest.lock";
			outputPaths = (
				"$(DERIVED_FILE_DIR)/Pods-Firebase Demo-checkManifestLockResult.txt",
			);
			runOnlyForDeploymentPostprocessing = 0;
			shellPath = /bin/sh;
			shellScript = "diff \"${PODS_PODFILE_DIR_PATH}/Podfile.lock\" \"${PODS_ROOT}/Manifest.lock\" > /dev/null\nif [ $? != 0 ] ; then\n    # print error to STDERR\n    echo \"error: The sandbox is not in sync with the Podfile.lock. Run 'pod install' or update your CocoaPods installation.\" >&2\n    exit 1\nfi\n# This output is used by Xcode 'outputs' to avoid re-running this script phase.\necho \"SUCCESS\" > \"${SCRIPT_OUTPUT_FILE_0}\"\n";
			showEnvVarsInLog = 0;
		};
/* End PBXShellScriptBuildPhase section */

/* Begin PBXSourcesBuildPhase section */
		9289CE3C23B091B9009A2D3E /* Sources */ = {
			isa = PBXSourcesBuildPhase;
			buildActionMask = 2147483647;
			files = (
				9289CE4823B091B9009A2D3E /* ViewController.swift in Sources */,
				9289CE4423B091B9009A2D3E /* AppDelegate.swift in Sources */,
				920718E623B0A32C00DF0D92 /* Utilities.swift in Sources */,
				9289CE5823B09366009A2D3E /* SignUpViewController.swift in Sources */,
				9289CE5A23B09399009A2D3E /* LogInViewController.swift in Sources */,
				9289CE4623B091B9009A2D3E /* SceneDelegate.swift in Sources */,
				9289CE5C23B093D1009A2D3E /* HomeViewController.swift in Sources */,
				920718E823B0A33100DF0D92 /* Constants.swift in Sources */,
			);
			runOnlyForDeploymentPostprocessing = 0;
		};
/* End PBXSourcesBuildPhase section */

/* Begin PBXVariantGroup section */
		9289CE4923B091BA009A2D3E /* Main.storyboard */ = {
			isa = PBXVariantGroup;
			children = (
				9289CE4A23B091BA009A2D3E /* Base */,
			);
			name = Main.storyboard;
			sourceTree = "<group>";
		};
		9289CE4E23B091C7009A2D3E /* LaunchScreen.storyboard */ = {
			isa = PBXVariantGroup;
			children = (
				9289CE4F23B091C7009A2D3E /* Base */,
			);
			name = LaunchScreen.storyboard;
			sourceTree = "<group>";
		};
/* End PBXVariantGroup section */

/* Begin XCBuildConfiguration section */
		9289CE5223B091C7009A2D3E /* Debug */ = {
			isa = XCBuildConfiguration;
			buildSettings = {
				ALWAYS_SEARCH_USER_PATHS = NO;
				CLANG_ANALYZER_NONNULL = YES;
				CLANG_ANALYZER_NUMBER_OBJECT_CONVERSION = YES_AGGRESSIVE;
				CLANG_CXX_LANGUAGE_STANDARD = "gnu++14";
				CLANG_CXX_LIBRARY = "libc++";
				CLANG_ENABLE_MODULES = YES;
				CLANG_ENABLE_OBJC_ARC = YES;
				CLANG_ENABLE_OBJC_WEAK = YES;
				CLANG_WARN_BLOCK_CAPTURE_AUTORELEASING = YES;
				CLANG_WARN_BOOL_CONVERSION = YES;
				CLANG_WARN_COMMA = YES;
				CLANG_WARN_CONSTANT_CONVERSION = YES;
				CLANG_WARN_DEPRECATED_OBJC_IMPLEMENTATIONS = YES;
				CLANG_WARN_DIRECT_OBJC_ISA_USAGE = YES_ERROR;
				CLANG_WARN_DOCUMENTATION_COMMENTS = YES;
				CLANG_WARN_EMPTY_BODY = YES;
				CLANG_WARN_ENUM_CONVERSION = YES;
				CLANG_WARN_INFINITE_RECURSION = YES;
				CLANG_WARN_INT_CONVERSION = YES;
				CLANG_WARN_NON_LITERAL_NULL_CONVERSION = YES;
				CLANG_WARN_OBJC_IMPLICIT_RETAIN_SELF = YES;
				CLANG_WARN_OBJC_LITERAL_CONVERSION = YES;
				CLANG_WARN_OBJC_ROOT_CLASS = YES_ERROR;
				CLANG_WARN_RANGE_LOOP_ANALYSIS = YES;
				CLANG_WARN_STRICT_PROTOTYPES = YES;
				CLANG_WARN_SUSPICIOUS_MOVE = YES;
				CLANG_WARN_UNGUARDED_AVAILABILITY = YES_AGGRESSIVE;
				CLANG_WARN_UNREACHABLE_CODE = YES;
				CLANG_WARN__DUPLICATE_METHOD_MATCH = YES;
				COPY_PHASE_STRIP = NO;
				DEBUG_INFORMATION_FORMAT = dwarf;
				ENABLE_STRICT_OBJC_MSGSEND = YES;
				ENABLE_TESTABILITY = YES;
				GCC_C_LANGUAGE_STANDARD = gnu11;
				GCC_DYNAMIC_NO_PIC = NO;
				GCC_NO_COMMON_BLOCKS = YES;
				GCC_OPTIMIZATION_LEVEL = 0;
				GCC_PREPROCESSOR_DEFINITIONS = (
					"DEBUG=1",
					"$(inherited)",
				);
				GCC_WARN_64_TO_32_BIT_CONVERSION = YES;
				GCC_WARN_ABOUT_RETURN_TYPE = YES_ERROR;
				GCC_WARN_UNDECLARED_SELECTOR = YES;
				GCC_WARN_UNINITIALIZED_AUTOS = YES_AGGRESSIVE;
				GCC_WARN_UNUSED_FUNCTION = YES;
				GCC_WARN_UNUSED_VARIABLE = YES;
				IPHONEOS_DEPLOYMENT_TARGET = 13.2;
				MTL_ENABLE_DEBUG_INFO = INCLUDE_SOURCE;
				MTL_FAST_MATH = YES;
				ONLY_ACTIVE_ARCH = YES;
				SDKROOT = iphoneos;
				SWIFT_ACTIVE_COMPILATION_CONDITIONS = DEBUG;
				SWIFT_OPTIMIZATION_LEVEL = "-Onone";
			};
			name = Debug;
		};
		9289CE5323B091C7009A2D3E /* Release */ = {
			isa = XCBuildConfiguration;
			buildSettings = {
				ALWAYS_SEARCH_USER_PATHS = NO;
				CLANG_ANALYZER_NONNULL = YES;
				CLANG_ANALYZER_NUMBER_OBJECT_CONVERSION = YES_AGGRESSIVE;
				CLANG_CXX_LANGUAGE_STANDARD = "gnu++14";
				CLANG_CXX_LIBRARY = "libc++";
				CLANG_ENABLE_MODULES = YES;
				CLANG_ENABLE_OBJC_ARC = YES;
				CLANG_ENABLE_OBJC_WEAK = YES;
				CLANG_WARN_BLOCK_CAPTURE_AUTORELEASING = YES;
				CLANG_WARN_BOOL_CONVERSION = YES;
				CLANG_WARN_COMMA = YES;
				CLANG_WARN_CONSTANT_CONVERSION = YES;
				CLANG_WARN_DEPRECATED_OBJC_IMPLEMENTATIONS = YES;
				CLANG_WARN_DIRECT_OBJC_ISA_USAGE = YES_ERROR;
				CLANG_WARN_DOCUMENTATION_COMMENTS = YES;
				CLANG_WARN_EMPTY_BODY = YES;
				CLANG_WARN_ENUM_CONVERSION = YES;
				CLANG_WARN_INFINITE_RECURSION = YES;
				CLANG_WARN_INT_CONVERSION = YES;
				CLANG_WARN_NON_LITERAL_NULL_CONVERSION = YES;
				CLANG_WARN_OBJC_IMPLICIT_RETAIN_SELF = YES;
				CLANG_WARN_OBJC_LITERAL_CONVERSION = YES;
				CLANG_WARN_OBJC_ROOT_CLASS = YES_ERROR;
				CLANG_WARN_RANGE_LOOP_ANALYSIS = YES;
				CLANG_WARN_STRICT_PROTOTYPES = YES;
				CLANG_WARN_SUSPICIOUS_MOVE = YES;
				CLANG_WARN_UNGUARDED_AVAILABILITY = YES_AGGRESSIVE;
				CLANG_WARN_UNREACHABLE_CODE = YES;
				CLANG_WARN__DUPLICATE_METHOD_MATCH = YES;
				COPY_PHASE_STRIP = NO;
				DEBUG_INFORMATION_FORMAT = "dwarf-with-dsym";
				ENABLE_NS_ASSERTIONS = NO;
				ENABLE_STRICT_OBJC_MSGSEND = YES;
				GCC_C_LANGUAGE_STANDARD = gnu11;
				GCC_NO_COMMON_BLOCKS = YES;
				GCC_WARN_64_TO_32_BIT_CONVERSION = YES;
				GCC_WARN_ABOUT_RETURN_TYPE = YES_ERROR;
				GCC_WARN_UNDECLARED_SELECTOR = YES;
				GCC_WARN_UNINITIALIZED_AUTOS = YES_AGGRESSIVE;
				GCC_WARN_UNUSED_FUNCTION = YES;
				GCC_WARN_UNUSED_VARIABLE = YES;
				IPHONEOS_DEPLOYMENT_TARGET = 13.2;
				MTL_ENABLE_DEBUG_INFO = NO;
				MTL_FAST_MATH = YES;
				SDKROOT = iphoneos;
				SWIFT_COMPILATION_MODE = wholemodule;
				SWIFT_OPTIMIZATION_LEVEL = "-O";
				VALIDATE_PRODUCT = YES;
			};
			name = Release;
		};
		9289CE5523B091C7009A2D3E /* Debug */ = {
			isa = XCBuildConfiguration;
			baseConfigurationReference = A9B168B886C47BAC97FD3A2E /* Pods-Firebase Demo.debug.xcconfig */;
			buildSettings = {
				ASSETCATALOG_COMPILER_APPICON_NAME = AppIcon;
				CODE_SIGN_STYLE = Automatic;
				DEVELOPMENT_TEAM = 8Z2W5ZDA6N;
				INFOPLIST_FILE = "Firebase Demo/Info.plist";
				LD_RUNPATH_SEARCH_PATHS = "$(inherited) @executable_path/Frameworks";
				PRODUCT_BUNDLE_IDENTIFIER = "com.meibanfa.Firebase-Demo";
				PRODUCT_NAME = "$(TARGET_NAME)";
				SWIFT_VERSION = 5.0;
				TARGETED_DEVICE_FAMILY = "1,2";
			};
			name = Debug;
		};
		9289CE5623B091C7009A2D3E /* Release */ = {
			isa = XCBuildConfiguration;
			baseConfigurationReference = 1E5B6298FC1CD47F94F01D18 /* Pods-Firebase Demo.release.xcconfig */;
			buildSettings = {
				ASSETCATALOG_COMPILER_APPICON_NAME = AppIcon;
				CODE_SIGN_STYLE = Automatic;
				DEVELOPMENT_TEAM = 8Z2W5ZDA6N;
				INFOPLIST_FILE = "Firebase Demo/Info.plist";
				LD_RUNPATH_SEARCH_PATHS = "$(inherited) @executable_path/Frameworks";
				PRODUCT_BUNDLE_IDENTIFIER = "com.meibanfa.Firebase-Demo";
				PRODUCT_NAME = "$(TARGET_NAME)";
				SWIFT_VERSION = 5.0;
				TARGETED_DEVICE_FAMILY = "1,2";
			};
			name = Release;
		};
/* End XCBuildConfiguration section */

/* Begin XCConfigurationList section */
		9289CE3B23B091B9009A2D3E /* Build configuration list for PBXProject "Firebase Demo" */ = {
			isa = XCConfigurationList;
			buildConfigurations = (
				9289CE5223B091C7009A2D3E /* Debug */,
				9289CE5323B091C7009A2D3E /* Release */,
			);
			defaultConfigurationIsVisible = 0;
			defaultConfigurationName = Release;
		};
		9289CE5423B091C7009A2D3E /* Build configuration list for PBXNativeTarget "Firebase Demo" */ = {
			isa = XCConfigurationList;
			buildConfigurations = (
				9289CE5523B091C7009A2D3E /* Debug */,
				9289CE5623B091C7009A2D3E /* Release */,
			);
			defaultConfigurationIsVisible = 0;
			defaultConfigurationName = Release;
		};
/* End XCConfigurationList section */
	};
	rootObject = 9289CE3823B091B9009A2D3E /* Project object */;
}
